<?xml version="1.0" encoding="utf-8"?>
<Project ToolsVersion="4.0" xmlns="http://schemas.microsoft.com/developer/msbuild/2003">
  <ItemGroup>
    <Filter Include="Source Files">
      <UniqueIdentifier>{4FC737F1-C7A5-4376-A066-2A32D752A2FF}</UniqueIdentifier>
      <Extensions>cpp;c;cc;cxx;def;odl;idl;hpj;bat;asm;asmx</Extensions>
    </Filter>
    <Filter Include="Header Files">
      <UniqueIdentifier>{93995380-89BD-4b04-88EB-625FBE52EBFB}</UniqueIdentifier>
      <Extensions>h;hh;hpp;hxx;hm;inl;inc;xsd</Extensions>
    </Filter>
    <Filter Include="Resource Files">
      <UniqueIdentifier>{67DA6AB6-F800-4c08-8B7A-83BB121AAD01}</UniqueIdentifier>
      <Extensions>rc;ico;cur;bmp;dlg;rc2;rct;bin;rgs;gif;jpg;jpeg;jpe;resx;tiff;tif;png;wav;mfcribbon-ms</Extensions>
    </Filter>
  </ItemGroup>
  <ItemGroup>
    <ClCompile Include="main.cpp">
      <Filter>Source Files</Filter>
    </ClCompile>
    <ClCompile Include="video\Renderer.cpp">
      <Filter>Source Files</Filter>
    </ClCompile>
    <ClCompile Include="tools.cpp">
      <Filter>Source Files</Filter>
    </ClCompile>
    <ClCompile Include="network\Server.cpp">
      <Filter>Source Files</Filter>
    </ClCompile>
    <ClCompile Include="network\Client.cpp">
      <Filter>Source Files</Filter>
    </ClCompile>
  </ItemGroup>
  <ItemGroup>
    <ClInclude Include="header.hpp">
      <Filter>Header Files</Filter>
    </ClInclude>
    <ClInclude Include="video\SDLSetup.hpp">
      <Filter>Header Files</Filter>
    </ClInclude>
    <ClInclude Include="video\ImageLoader.hpp">
      <Filter>Header Files</Filter>
    </ClInclude>
    <ClInclude Include="video\Renderer.hpp">
      <Filter>Header Files</Filter>
    </ClInclude>
    <ClInclude Include="objects\Paddle.hpp">
      <Filter>Header Files</Filter>
    </ClInclude>
    <ClInclude Include="video\Timer.hpp">
      <Filter>Header Files</Filter>
    </ClInclude>
    <ClInclude Include="objects\GameObject.hpp">
      <Filter>Header Files</Filter>
    </ClInclude>
    <ClInclude Include="objects\Ball.hpp">
      <Filter>Header Files</Filter>
    </ClInclude>
    <ClInclude Include="objects\Block.hpp">
      <Filter>Header Files</Filter>
    </ClInclude>
    <ClInclude Include="objects\BlocksGrid.hpp">
      <Filter>Header Files</Filter>
    </ClInclude>
    <ClInclude Include="gui\TextInputDialog.hpp">
      <Filter>Header Files</Filter>
    </ClInclude>
    <ClInclude Include="gui\TextBox.hpp">
      <Filter>Header Files</Filter>
    </ClInclude>
    <ClInclude Include="network\Server.hpp">
      <Filter>Header Files</Filter>
    </ClInclude>
    <ClInclude Include="network\Client.hpp">
      <Filter>Header Files</Filter>
    </ClInclude>
    <ClInclude Include="exceptions\NetworkException.hpp">
      <Filter>Header Files</Filter>
    </ClInclude>
    <ClInclude Include="network\messages\message.hpp">
      <Filter>Header Files</Filter>
    </ClInclude>
    <ClInclude Include="network\GameContext.hpp">
      <Filter>Header Files</Filter>
    </ClInclude>
    <ClInclude Include="network\ServerNetworkTask.hpp">
      <Filter>Header Files</Filter>
    </ClInclude>
    <ClInclude Include="network\messages\messages_ids.hpp">
      <Filter>Header Files</Filter>
    </ClInclude>
    <ClInclude Include="network\messages\NetworkMessageHandler.hpp">
      <Filter>Header Files</Filter>
    </ClInclude>
    <ClInclude Include="network\ClientNetworkTask.hpp">
      <Filter>Header Files</Filter>
    </ClInclude>
    <ClInclude Include="network\messages\MessageHandlers.hpp">
      <Filter>Header Files</Filter>
    </ClInclude>
    <ClInclude Include="network\messages\MessageReceiverSender.hpp">
      <Filter>Header Files</Filter>
    </ClInclude>
    <ClInclude Include="gui\PlayersTextBox.hpp">
      <Filter>Header Files</Filter>
    </ClInclude>
    <ClInclude Include="collections\ThreadSafeQueue.hpp">
      <Filter>Header Files</Filter>
    </ClInclude>
  </ItemGroup>
  <ItemGroup>
    <Image Include="assets\paddleGreenHorizontal.bmp">
      <Filter>Resource Files</Filter>
    </Image>
    <Image Include="assets\ball.bmp">
      <Filter>Resource Files</Filter>
    </Image>
    <Image Include="assets\blockGreen.bmp">
      <Filter>Resource Files</Filter>
    </Image>
    <Image Include="assets\blockBlue.bmp">
      <Filter>Resource Files</Filter>
    </Image>
    <Image Include="assets\background.bmp">
      <Filter>Resource Files</Filter>
    </Image>
    <Image Include="assets\backgroundmenu.bmp">
      <Filter>Resource Files</Filter>
    </Image>
    <Image Include="assets\blockGray.bmp">
      <Filter>Resource Files</Filter>
    </Image>
    <Image Include="assets\blockRed.bmp">
      <Filter>Resource Files</Filter>
    </Image>
    <Image Include="assets\blockYellow.bmp">
      <Filter>Resource Files</Filter>
    </Image>
    <Image Include="assets\paddleBlueHorizontal.bmp">
      <Filter>Resource Files</Filter>
    </Image>
    <Image Include="assets\paddleRedHorizontal.bmp">
      <Filter>Resource Files</Filter>
    </Image>
    <Image Include="assets\paddleYellowHorizontal.bmp">
      <Filter>Resource Files</Filter>
    </Image>
    <Image Include="assets\backgroundmenuclient.bmp">
      <Filter>Resource Files</Filter>
    </Image>
    <Image Include="assets\backgroundmenuserver.bmp">
      <Filter>Resource Files</Filter>
    </Image>
  </ItemGroup>
  <ItemGroup>
    <Text Include="levels\test.txt" />
  </ItemGroup>
  <ItemGroup>
    <Font Include="assets\font.ttf" />
  </ItemGroup>
</Project>